
Microsoft Visual Studio Solution File, Format Version 12.00
# Visual Studio 14
VisualStudioVersion = 14.0.25420.1
MinimumVisualStudioVersion = 10.0.40219.1
Project("{FAE04EC0-301F-11D3-BF4B-00C04F79EFBC}") = "NineService", "NineService\NineService.csproj", "{146E3730-FE3F-4B0E-9C59-F8183A709611}"
EndProject
Project("{FAE04EC0-301F-11D3-BF4B-00C04F79EFBC}") = "NineService.Test", "NineService.Test\NineService.Test.csproj", "{A69F153F-4539-493D-B4EF-A45ED476DE7E}"
EndProject
Global
	GlobalSection(SolutionConfigurationPlatforms) = preSolution
		Debug|Any CPU = Debug|Any CPU
		Release|Any CPU = Release|Any CPU
	EndGlobalSection
	GlobalSection(ProjectConfigurationPlatforms) = postSolution
		{146E3730-FE3F-4B0E-9C59-F8183A709611}.Debug|Any CPU.ActiveCfg = Debug|Any CPU
		{146E3730-FE3F-4B0E-9C59-F8183A709611}.Debug|Any CPU.Build.0 = Debug|Any CPU
		{146E3730-FE3F-4B0E-9C59-F8183A709611}.Release|Any CPU.ActiveCfg = Release|Any CPU
		{146E3730-FE3F-4B0E-9C59-F8183A709611}.Release|Any CPU.Build.0 = Release|Any CPU
		{A69F153F-4539-493D-B4EF-A45ED476DE7E}.Debug|Any CPU.ActiveCfg = Debug|Any CPU
		{A69F153F-4539-493D-B4EF-A45ED476DE7E}.Debug|Any CPU.Build.0 = Debug|Any CPU
		{A69F153F-4539-493D-B4EF-A45ED476DE7E}.Release|Any CPU.ActiveCfg = Release|Any CPU
		{A69F153F-4539-493D-B4EF-A45ED476DE7E}.Release|Any CPU.Build.0 = Release|Any CPU
	EndGlobalSection
	GlobalSection(SolutionProperties) = preSolution
		HideSolutionNode = FALSE
	EndGlobalSection
EndGlobal
